
Microsoft Visual Studio Solution File, Format Version 12.00
# Visual Studio Version 16
VisualStudioVersion = 16.0.30717.126
MinimumVisualStudioVersion = 10.0.40219.1
Project("{9A19103F-16F7-4668-BE54-9A1E7A4F7556}") = "KmpIntro", "KmpIntro\KmpIntro.csproj", "{4059B209-E2BD-4D5E-A49F-00F807AB2EEA}"
EndProject
Project("{9A19103F-16F7-4668-BE54-9A1E7A4F7556}") = "Dongıer", "Dongıer\Dongıer.csproj", "{623C5822-C7F7-4770-B5DC-4B147A952839}"
EndProject
Project("{9A19103F-16F7-4668-BE54-9A1E7A4F7556}") = "ClassIntro", "ClassIntro\ClassIntro.csproj", "{49A9954E-A23C-495D-8FD8-04D4FB8F6D5A}"
EndProject
Project("{9A19103F-16F7-4668-BE54-9A1E7A4F7556}") = "Metotlar", "Metotlar\Metotlar.csproj", "{49F6DAB5-385A-4A7D-BDF7-EAD0ABFBB699}"
EndProject
Project("{9A19103F-16F7-4668-BE54-9A1E7A4F7556}") = "Matematik", "Matematik\Matematik.csproj", "{531AB0FF-F1D6-4604-9A4B-ED3FBDD9B7B0}"
EndProject
Project("{9A19103F-16F7-4668-BE54-9A1E7A4F7556}") = "DegerVeReferansTipler", "DegerVeReferansTipler\DegerVeReferansTipler.csproj", "{62F51899-2BCD-4E0B-990E-C512BC346EA1}"
EndProject
Project("{9A19103F-16F7-4668-BE54-9A1E7A4F7556}") = "OOP1", "OOP1\OOP1.csproj", "{6A1FD54E-430F-4E9A-AAD5-E5DF0AC64663}"
EndProject
Project("{9A19103F-16F7-4668-BE54-9A1E7A4F7556}") = "Koleksiyonlar", "Koleksiyonlar\Koleksiyonlar.csproj", "{567C9458-9AFC-48CA-9798-71E1A6E4A2AE}"
EndProject
Project("{FAE04EC0-301F-11D3-BF4B-00C04F79EFBC}") = "GenericsIntro", "GenericsIntro\GenericsIntro.csproj", "{04077568-271F-45D6-9156-FEAB693086B1}"
EndProject
Global
	GlobalSection(SolutionConfigurationPlatforms) = preSolution
		Debug|Any CPU = Debug|Any CPU
		Release|Any CPU = Release|Any CPU
	EndGlobalSection
	GlobalSection(ProjectConfigurationPlatforms) = postSolution
		{4059B209-E2BD-4D5E-A49F-00F807AB2EEA}.Debug|Any CPU.ActiveCfg = Debug|Any CPU
		{4059B209-E2BD-4D5E-A49F-00F807AB2EEA}.Debug|Any CPU.Build.0 = Debug|Any CPU
		{4059B209-E2BD-4D5E-A49F-00F807AB2EEA}.Release|Any CPU.ActiveCfg = Release|Any CPU
		{4059B209-E2BD-4D5E-A49F-00F807AB2EEA}.Release|Any CPU.Build.0 = Release|Any CPU
		{623C5822-C7F7-4770-B5DC-4B147A952839}.Debug|Any CPU.ActiveCfg = Debug|Any CPU
		{623C5822-C7F7-4770-B5DC-4B147A952839}.Debug|Any CPU.Build.0 = Debug|Any CPU
		{623C5822-C7F7-4770-B5DC-4B147A952839}.Release|Any CPU.ActiveCfg = Release|Any CPU
		{623C5822-C7F7-4770-B5DC-4B147A952839}.Release|Any CPU.Build.0 = Release|Any CPU
		{49A9954E-A23C-495D-8FD8-04D4FB8F6D5A}.Debug|Any CPU.ActiveCfg = Debug|Any CPU
		{49A9954E-A23C-495D-8FD8-04D4FB8F6D5A}.Debug|Any CPU.Build.0 = Debug|Any CPU
		{49A9954E-A23C-495D-8FD8-04D4FB8F6D5A}.Release|Any CPU.ActiveCfg = Release|Any CPU
		{49A9954E-A23C-495D-8FD8-04D4FB8F6D5A}.Release|Any CPU.Build.0 = Release|Any CPU
		{49F6DAB5-385A-4A7D-BDF7-EAD0ABFBB699}.Debug|Any CPU.ActiveCfg = Debug|Any CPU
		{49F6DAB5-385A-4A7D-BDF7-EAD0ABFBB699}.Debug|Any CPU.Build.0 = Debug|Any CPU
		{49F6DAB5-385A-4A7D-BDF7-EAD0ABFBB699}.Release|Any CPU.ActiveCfg = Release|Any CPU
		{49F6DAB5-385A-4A7D-BDF7-EAD0ABFBB699}.Release|Any CPU.Build.0 = Release|Any CPU
		{531AB0FF-F1D6-4604-9A4B-ED3FBDD9B7B0}.Debug|Any CPU.ActiveCfg = Debug|Any CPU
		{531AB0FF-F1D6-4604-9A4B-ED3FBDD9B7B0}.Debug|Any CPU.Build.0 = Debug|Any CPU
		{531AB0FF-F1D6-4604-9A4B-ED3FBDD9B7B0}.Release|Any CPU.ActiveCfg = Release|Any CPU
		{531AB0FF-F1D6-4604-9A4B-ED3FBDD9B7B0}.Release|Any CPU.Build.0 = Release|Any CPU
		{62F51899-2BCD-4E0B-990E-C512BC346EA1}.Debug|Any CPU.ActiveCfg = Debug|Any CPU
		{62F51899-2BCD-4E0B-990E-C512BC346EA1}.Debug|Any CPU.Build.0 = Debug|Any CPU
		{62F51899-2BCD-4E0B-990E-C512BC346EA1}.Release|Any CPU.ActiveCfg = Release|Any CPU
		{62F51899-2BCD-4E0B-990E-C512BC346EA1}.Release|Any CPU.Build.0 = Release|Any CPU
		{6A1FD54E-430F-4E9A-AAD5-E5DF0AC64663}.Debug|Any CPU.ActiveCfg = Debug|Any CPU
		{6A1FD54E-430F-4E9A-AAD5-E5DF0AC64663}.Debug|Any CPU.Build.0 = Debug|Any CPU
		{6A1FD54E-430F-4E9A-AAD5-E5DF0AC64663}.Release|Any CPU.ActiveCfg = Release|Any CPU
		{6A1FD54E-430F-4E9A-AAD5-E5DF0AC64663}.Release|Any CPU.Build.0 = Release|Any CPU
		{567C9458-9AFC-48CA-9798-71E1A6E4A2AE}.Debug|Any CPU.ActiveCfg = Debug|Any CPU
		{567C9458-9AFC-48CA-9798-71E1A6E4A2AE}.Debug|Any CPU.Build.0 = Debug|Any CPU
		{567C9458-9AFC-48CA-9798-71E1A6E4A2AE}.Release|Any CPU.ActiveCfg = Release|Any CPU
		{567C9458-9AFC-48CA-9798-71E1A6E4A2AE}.Release|Any CPU.Build.0 = Release|Any CPU
		{04077568-271F-45D6-9156-FEAB693086B1}.Debug|Any CPU.ActiveCfg = Debug|Any CPU
		{04077568-271F-45D6-9156-FEAB693086B1}.Debug|Any CPU.Build.0 = Debug|Any CPU
		{04077568-271F-45D6-9156-FEAB693086B1}.Release|Any CPU.ActiveCfg = Release|Any CPU
		{04077568-271F-45D6-9156-FEAB693086B1}.Release|Any CPU.Build.0 = Release|Any CPU
	EndGlobalSection
	GlobalSection(SolutionProperties) = preSolution
		HideSolutionNode = FALSE
	EndGlobalSection
	GlobalSection(ExtensibilityGlobals) = postSolution
		SolutionGuid = {C9B834AA-5AC1-4C02-A440-27B4D0761B02}
	EndGlobalSection
EndGlobal
